// !$*UTF8*$!
{
	archiveVersion = 1;
	classes = {
	};
	objectVersion = 50;
	objects = {

/* Begin PBXBuildFile section */
		C27CE55620B519F300425D92 /* AppDelegate.m in Sources */ = {isa = PBXBuildFile; fileRef = C27CE55520B519F300425D92 /* AppDelegate.m */; };
		C27CE55920B519F300425D92 /* ViewController.m in Sources */ = {isa = PBXBuildFile; fileRef = C27CE55820B519F300425D92 /* ViewController.m */; };
		C27CE55C20B519F300425D92 /* Main.storyboard in Resources */ = {isa = PBXBuildFile; fileRef = C27CE55A20B519F300425D92 /* Main.storyboard */; };
		C27CE55E20B519F800425D92 /* Assets.xcassets in Resources */ = {isa = PBXBuildFile; fileRef = C27CE55D20B519F800425D92 /* Assets.xcassets */; };
		C27CE56120B519F800425D92 /* LaunchScreen.storyboard in Resources */ = {isa = PBXBuildFile; fileRef = C27CE55F20B519F800425D92 /* LaunchScreen.storyboard */; };
		C27CE56420B519F800425D92 /* main.m in Sources */ = {isa = PBXBuildFile; fileRef = C27CE56320B519F800425D92 /* main.m */; };
		C27CE58520B51D6A00425D92 /* NSLayoutConstraint+MASDebugAdditions.m in Sources */ = {isa = PBXBuildFile; fileRef = C27CE56C20B51D6900425D92 /* NSLayoutConstraint+MASDebugAdditions.m */; };
		C27CE58620B51D6A00425D92 /* ViewController+MASAdditions.m in Sources */ = {isa = PBXBuildFile; fileRef = C27CE57520B51D6900425D92 /* ViewController+MASAdditions.m */; };
		C27CE58720B51D6A00425D92 /* MASCompositeConstraint.m in Sources */ = {isa = PBXBuildFile; fileRef = C27CE57920B51D6900425D92 /* MASCompositeConstraint.m */; };
		C27CE58820B51D6A00425D92 /* MASConstraintMaker.m in Sources */ = {isa = PBXBuildFile; fileRef = C27CE57A20B51D6900425D92 /* MASConstraintMaker.m */; };
		C27CE58920B51D6A00425D92 /* MASLayoutConstraint.m in Sources */ = {isa = PBXBuildFile; fileRef = C27CE57B20B51D6900425D92 /* MASLayoutConstraint.m */; };
		C27CE58A20B51D6A00425D92 /* NSArray+MASAdditions.m in Sources */ = {isa = PBXBuildFile; fileRef = C27CE57C20B51D6900425D92 /* NSArray+MASAdditions.m */; };
		C27CE58B20B51D6A00425D92 /* View+MASAdditions.m in Sources */ = {isa = PBXBuildFile; fileRef = C27CE57D20B51D6900425D92 /* View+MASAdditions.m */; };
		C27CE58C20B51D6A00425D92 /* MASConstraint.m in Sources */ = {isa = PBXBuildFile; fileRef = C27CE58020B51D6900425D92 /* MASConstraint.m */; };
		C27CE58D20B51D6A00425D92 /* MASViewConstraint.m in Sources */ = {isa = PBXBuildFile; fileRef = C27CE58220B51D6900425D92 /* MASViewConstraint.m */; };
		C27CE58E20B51D6A00425D92 /* MASViewAttribute.m in Sources */ = {isa = PBXBuildFile; fileRef = C27CE58320B51D6900425D92 /* MASViewAttribute.m */; };
		C27CE58F20B51D6A00425D92 /* Info.plist in Resources */ = {isa = PBXBuildFile; fileRef = C27CE58420B51D6900425D92 /* Info.plist */; };
		C27CE59220B53B9A00425D92 /* UILabel+Addition.m in Sources */ = {isa = PBXBuildFile; fileRef = C27CE59120B53B9A00425D92 /* UILabel+Addition.m */; };
		C27CE59520B53C8500425D92 /* MomentCell.m in Sources */ = {isa = PBXBuildFile; fileRef = C27CE59420B53C8500425D92 /* MomentCell.m */; };
		C27CE59820B549D300425D92 /* MomentModel.m in Sources */ = {isa = PBXBuildFile; fileRef = C27CE59720B549D300425D92 /* MomentModel.m */; };
/* End PBXBuildFile section */

/* Begin PBXFileReference section */
		C27CE55120B519F300425D92 /* 生活圈.app */ = {isa = PBXFileReference; explicitFileType = wrapper.application; includeInIndex = 0; path = "生活圈.app"; sourceTree = BUILT_PRODUCTS_DIR; };
		C27CE55420B519F300425D92 /* AppDelegate.h */ = {isa = PBXFileReference; lastKnownFileType = sourcecode.c.h; path = AppDelegate.h; sourceTree = "<group>"; };
		C27CE55520B519F300425D92 /* AppDelegate.m */ = {isa = PBXFileReference; lastKnownFileType = sourcecode.c.objc; path = AppDelegate.m; sourceTree = "<group>"; };
		C27CE55720B519F300425D92 /* ViewController.h */ = {isa = PBXFileReference; lastKnownFileType = sourcecode.c.h; path = ViewController.h; sourceTree = "<group>"; };
		C27CE55820B519F300425D92 /* ViewController.m */ = {isa = PBXFileReference; lastKnownFileType = sourcecode.c.objc; path = ViewController.m; sourceTree = "<group>"; };
		C27CE55B20B519F300425D92 /* Base */ = {isa = PBXFileReference; lastKnownFileType = file.storyboard; name = Base; path = Base.lproj/Main.storyboard; sourceTree = "<group>"; };
		C27CE55D20B519F800425D92 /* Assets.xcassets */ = {isa = PBXFileReference; lastKnownFileType = folder.assetcatalog; path = Assets.xcassets; sourceTree = "<group>"; };
		C27CE56020B519F800425D92 /* Base */ = {isa = PBXFileReference; lastKnownFileType = file.storyboard; name = Base; path = Base.lproj/LaunchScreen.storyboard; sourceTree = "<group>"; };
		C27CE56220B519F800425D92 /* Info.plist */ = {isa = PBXFileReference; lastKnownFileType = text.plist.xml; path = Info.plist; sourceTree = "<group>"; };
		C27CE56320B519F800425D92 /* main.m */ = {isa = PBXFileReference; lastKnownFileType = sourcecode.c.objc; path = main.m; sourceTree = "<group>"; };
		C27CE56B20B51D6900425D92 /* MASCompositeConstraint.h */ = {isa = PBXFileReference; fileEncoding = 4; lastKnownFileType = sourcecode.c.h; path = MASCompositeConstraint.h; sourceTree = "<group>"; };
		C27CE56C20B51D6900425D92 /* NSLayoutConstraint+MASDebugAdditions.m */ = {isa = PBXFileReference; fileEncoding = 4; lastKnownFileType = sourcecode.c.objc; path = "NSLayoutConstraint+MASDebugAdditions.m"; sourceTree = "<group>"; };
		C27CE56D20B51D6900425D92 /* MASConstraint+Private.h */ = {isa = PBXFileReference; fileEncoding = 4; lastKnownFileType = sourcecode.c.h; path = "MASConstraint+Private.h"; sourceTree = "<group>"; };
		C27CE56E20B51D6900425D92 /* MASLayoutConstraint.h */ = {isa = PBXFileReference; fileEncoding = 4; lastKnownFileType = sourcecode.c.h; path = MASLayoutConstraint.h; sourceTree = "<group>"; };
		C27CE56F20B51D6900425D92 /* NSArray+MASShorthandAdditions.h */ = {isa = PBXFileReference; fileEncoding = 4; lastKnownFileType = sourcecode.c.h; path = "NSArray+MASShorthandAdditions.h"; sourceTree = "<group>"; };
		C27CE57020B51D6900425D92 /* MASConstraintMaker.h */ = {isa = PBXFileReference; fileEncoding = 4; lastKnownFileType = sourcecode.c.h; path = MASConstraintMaker.h; sourceTree = "<group>"; };
		C27CE57120B51D6900425D92 /* View+MASAdditions.h */ = {isa = PBXFileReference; fileEncoding = 4; lastKnownFileType = sourcecode.c.h; path = "View+MASAdditions.h"; sourceTree = "<group>"; };
		C27CE57220B51D6900425D92 /* NSArray+MASAdditions.h */ = {isa = PBXFileReference; fileEncoding = 4; lastKnownFileType = sourcecode.c.h; path = "NSArray+MASAdditions.h"; sourceTree = "<group>"; };
		C27CE57320B51D6900425D92 /* MASUtilities.h */ = {isa = PBXFileReference; fileEncoding = 4; lastKnownFileType = sourcecode.c.h; path = MASUtilities.h; sourceTree = "<group>"; };
		C27CE57420B51D6900425D92 /* MASViewAttribute.h */ = {isa = PBXFileReference; fileEncoding = 4; lastKnownFileType = sourcecode.c.h; path = MASViewAttribute.h; sourceTree = "<group>"; };
		C27CE57520B51D6900425D92 /* ViewController+MASAdditions.m */ = {isa = PBXFileReference; fileEncoding = 4; lastKnownFileType = sourcecode.c.objc; path = "ViewController+MASAdditions.m"; sourceTree = "<group>"; };
		C27CE57620B51D6900425D92 /* MASViewConstraint.h */ = {isa = PBXFileReference; fileEncoding = 4; lastKnownFileType = sourcecode.c.h; path = MASViewConstraint.h; sourceTree = "<group>"; };
		C27CE57720B51D6900425D92 /* MASConstraint.h */ = {isa = PBXFileReference; fileEncoding = 4; lastKnownFileType = sourcecode.c.h; path = MASConstraint.h; sourceTree = "<group>"; };
		C27CE57820B51D6900425D92 /* NSLayoutConstraint+MASDebugAdditions.h */ = {isa = PBXFileReference; fileEncoding = 4; lastKnownFileType = sourcecode.c.h; path = "NSLayoutConstraint+MASDebugAdditions.h"; sourceTree = "<group>"; };
		C27CE57920B51D6900425D92 /* MASCompositeConstraint.m */ = {isa = PBXFileReference; fileEncoding = 4; lastKnownFileType = sourcecode.c.objc; path = MASCompositeConstraint.m; sourceTree = "<group>"; };
		C27CE57A20B51D6900425D92 /* MASConstraintMaker.m */ = {isa = PBXFileReference; fileEncoding = 4; lastKnownFileType = sourcecode.c.objc; path = MASConstraintMaker.m; sourceTree = "<group>"; };
		C27CE57B20B51D6900425D92 /* MASLayoutConstraint.m */ = {isa = PBXFileReference; fileEncoding = 4; lastKnownFileType = sourcecode.c.objc; path = MASLayoutConstraint.m; sourceTree = "<group>"; };
		C27CE57C20B51D6900425D92 /* NSArray+MASAdditions.m */ = {isa = PBXFileReference; fileEncoding = 4; lastKnownFileType = sourcecode.c.objc; path = "NSArray+MASAdditions.m"; sourceTree = "<group>"; };
		C27CE57D20B51D6900425D92 /* View+MASAdditions.m */ = {isa = PBXFileReference; fileEncoding = 4; lastKnownFileType = sourcecode.c.objc; path = "View+MASAdditions.m"; sourceTree = "<group>"; };
		C27CE57E20B51D6900425D92 /* View+MASShorthandAdditions.h */ = {isa = PBXFileReference; fileEncoding = 4; lastKnownFileType = sourcecode.c.h; path = "View+MASShorthandAdditions.h"; sourceTree = "<group>"; };
		C27CE57F20B51D6900425D92 /* Masonry.h */ = {isa = PBXFileReference; fileEncoding = 4; lastKnownFileType = sourcecode.c.h; path = Masonry.h; sourceTree = "<group>"; };
		C27CE58020B51D6900425D92 /* MASConstraint.m */ = {isa = PBXFileReference; fileEncoding = 4; lastKnownFileType = sourcecode.c.objc; path = MASConstraint.m; sourceTree = "<group>"; };
		C27CE58120B51D6900425D92 /* ViewController+MASAdditions.h */ = {isa = PBXFileReference; fileEncoding = 4; lastKnownFileType = sourcecode.c.h; path = "ViewController+MASAdditions.h"; sourceTree = "<group>"; };
		C27CE58220B51D6900425D92 /* MASViewConstraint.m */ = {isa = PBXFileReference; fileEncoding = 4; lastKnownFileType = sourcecode.c.objc; path = MASViewConstraint.m; sourceTree = "<group>"; };
		C27CE58320B51D6900425D92 /* MASViewAttribute.m */ = {isa = PBXFileReference; fileEncoding = 4; lastKnownFileType = sourcecode.c.objc; path = MASViewAttribute.m; sourceTree = "<group>"; };
		C27CE58420B51D6900425D92 /* Info.plist */ = {isa = PBXFileReference; fileEncoding = 4; lastKnownFileType = text.plist.xml; path = Info.plist; sourceTree = "<group>"; };
		C27CE59020B53B9A00425D92 /* UILabel+Addition.h */ = {isa = PBXFileReference; lastKnownFileType = sourcecode.c.h; path = "UILabel+Addition.h"; sourceTree = "<group>"; };
		C27CE59120B53B9A00425D92 /* UILabel+Addition.m */ = {isa = PBXFileReference; lastKnownFileType = sourcecode.c.objc; path = "UILabel+Addition.m"; sourceTree = "<group>"; };
		C27CE59320B53C8500425D92 /* MomentCell.h */ = {isa = PBXFileReference; lastKnownFileType = sourcecode.c.h; path = MomentCell.h; sourceTree = "<group>"; };
		C27CE59420B53C8500425D92 /* MomentCell.m */ = {isa = PBXFileReference; lastKnownFileType = sourcecode.c.objc; path = MomentCell.m; sourceTree = "<group>"; };
		C27CE59620B549D300425D92 /* MomentModel.h */ = {isa = PBXFileReference; lastKnownFileType = sourcecode.c.h; path = MomentModel.h; sourceTree = "<group>"; };
		C27CE59720B549D300425D92 /* MomentModel.m */ = {isa = PBXFileReference; lastKnownFileType = sourcecode.c.objc; path = MomentModel.m; sourceTree = "<group>"; };
/* End PBXFileReference section */

/* Begin PBXFrameworksBuildPhase section */
		C27CE54E20B519F300425D92 /* Frameworks */ = {
			isa = PBXFrameworksBuildPhase;
			buildActionMask = 2147483647;
			files = (
			);
			runOnlyForDeploymentPostprocessing = 0;
		};
/* End PBXFrameworksBuildPhase section */

/* Begin PBXGroup section */
		C27CE54820B519F300425D92 = {
			isa = PBXGroup;
			children = (
				C27CE55320B519F300425D92 /* 生活圈 */,
				C27CE55220B519F300425D92 /* Products */,
			);
			sourceTree = "<group>";
		};
		C27CE55220B519F300425D92 /* Products */ = {
			isa = PBXGroup;
			children = (
				C27CE55120B519F300425D92 /* 生活圈.app */,
			);
			name = Products;
			sourceTree = "<group>";
		};
		C27CE55320B519F300425D92 /* 生活圈 */ = {
			isa = PBXGroup;
			children = (
				C27CE56A20B51D6900425D92 /* Masonry */,
				C27CE55420B519F300425D92 /* AppDelegate.h */,
				C27CE55520B519F300425D92 /* AppDelegate.m */,
				C27CE55720B519F300425D92 /* ViewController.h */,
				C27CE55820B519F300425D92 /* ViewController.m */,
				C27CE59320B53C8500425D92 /* MomentCell.h */,
				C27CE59420B53C8500425D92 /* MomentCell.m */,
				C27CE59020B53B9A00425D92 /* UILabel+Addition.h */,
				C27CE59120B53B9A00425D92 /* UILabel+Addition.m */,
				C27CE59620B549D300425D92 /* MomentModel.h */,
				C27CE59720B549D300425D92 /* MomentModel.m */,
				C27CE55A20B519F300425D92 /* Main.storyboard */,
				C27CE55D20B519F800425D92 /* Assets.xcassets */,
				C27CE55F20B519F800425D92 /* LaunchScreen.storyboard */,
				C27CE56220B519F800425D92 /* Info.plist */,
				C27CE56320B519F800425D92 /* main.m */,
			);
			path = "生活圈";
			sourceTree = "<group>";
		};
		C27CE56A20B51D6900425D92 /* Masonry */ = {
			isa = PBXGroup;
			children = (
				C27CE56B20B51D6900425D92 /* MASCompositeConstraint.h */,
				C27CE56C20B51D6900425D92 /* NSLayoutConstraint+MASDebugAdditions.m */,
				C27CE56D20B51D6900425D92 /* MASConstraint+Private.h */,
				C27CE56E20B51D6900425D92 /* MASLayoutConstraint.h */,
				C27CE56F20B51D6900425D92 /* NSArray+MASShorthandAdditions.h */,
				C27CE57020B51D6900425D92 /* MASConstraintMaker.h */,
				C27CE57120B51D6900425D92 /* View+MASAdditions.h */,
				C27CE57220B51D6900425D92 /* NSArray+MASAdditions.h */,
				C27CE57320B51D6900425D92 /* MASUtilities.h */,
				C27CE57420B51D6900425D92 /* MASViewAttribute.h */,
				C27CE57520B51D6900425D92 /* ViewController+MASAdditions.m */,
				C27CE57620B51D6900425D92 /* MASViewConstraint.h */,
				C27CE57720B51D6900425D92 /* MASConstraint.h */,
				C27CE57820B51D6900425D92 /* NSLayoutConstraint+MASDebugAdditions.h */,
				C27CE57920B51D6900425D92 /* MASCompositeConstraint.m */,
				C27CE57A20B51D6900425D92 /* MASConstraintMaker.m */,
				C27CE57B20B51D6900425D92 /* MASLayoutConstraint.m */,
				C27CE57C20B51D6900425D92 /* NSArray+MASAdditions.m */,
				C27CE57D20B51D6900425D92 /* View+MASAdditions.m */,
				C27CE57E20B51D6900425D92 /* View+MASShorthandAdditions.h */,
				C27CE57F20B51D6900425D92 /* Masonry.h */,
				C27CE58020B51D6900425D92 /* MASConstraint.m */,
				C27CE58120B51D6900425D92 /* ViewController+MASAdditions.h */,
				C27CE58220B51D6900425D92 /* MASViewConstraint.m */,
				C27CE58320B51D6900425D92 /* MASViewAttribute.m */,
				C27CE58420B51D6900425D92 /* Info.plist */,
			);
			path = Masonry;
			sourceTree = "<group>";
		};
/* End PBXGroup section */

/* Begin PBXNativeTarget section */
		C27CE55020B519F300425D92 /* 生活圈 */ = {
			isa = PBXNativeTarget;
			buildConfigurationList = C27CE56720B519F800425D92 /* Build configuration list for PBXNativeTarget "生活圈" */;
			buildPhases = (
				C27CE54D20B519F300425D92 /* Sources */,
				C27CE54E20B519F300425D92 /* Frameworks */,
				C27CE54F20B519F300425D92 /* Resources */,
			);
			buildRules = (
			);
			dependencies = (
			);
			name = "生活圈";
			productName = "生活圈";
			productReference = C27CE55120B519F300425D92 /* 生活圈.app */;
			productType = "com.apple.product-type.application";
		};
/* End PBXNativeTarget section */

/* Begin PBXProject section */
		C27CE54920B519F300425D92 /* Project object */ = {
			isa = PBXProject;
			attributes = {
				LastUpgradeCheck = 0930;
				ORGANIZATIONNAME = "Oriental Horizon";
				TargetAttributes = {
					C27CE55020B519F300425D92 = {
						CreatedOnToolsVersion = 9.3.1;
					};
				};
			};
			buildConfigurationList = C27CE54C20B519F300425D92 /* Build configuration list for PBXProject "生活圈" */;
			compatibilityVersion = "Xcode 9.3";
			developmentRegion = en;
			hasScannedForEncodings = 0;
			knownRegions = (
				en,
				Base,
			);
			mainGroup = C27CE54820B519F300425D92;
			productRefGroup = C27CE55220B519F300425D92 /* Products */;
			projectDirPath = "";
			projectRoot = "";
			targets = (
				C27CE55020B519F300425D92 /* 生活圈 */,
			);
		};
/* End PBXProject section */

/* Begin PBXResourcesBuildPhase section */
		C27CE54F20B519F300425D92 /* Resources */ = {
			isa = PBXResourcesBuildPhase;
			buildActionMask = 2147483647;
			files = (
				C27CE58F20B51D6A00425D92 /* Info.plist in Resources */,
				C27CE56120B519F800425D92 /* LaunchScreen.storyboard in Resources */,
				C27CE55E20B519F800425D92 /* Assets.xcassets in Resources */,
				C27CE55C20B519F300425D92 /* Main.storyboard in Resources */,
			);
			runOnlyForDeploymentPostprocessing = 0;
		};
/* End PBXResourcesBuildPhase section */

/* Begin PBXSourcesBuildPhase section */
		C27CE54D20B519F300425D92 /* Sources */ = {
			isa = PBXSourcesBuildPhase;
			buildActionMask = 2147483647;
			files = (
				C27CE58820B51D6A00425D92 /* MASConstraintMaker.m in Sources */,
				C27CE55920B519F300425D92 /* ViewController.m in Sources */,
				C27CE58620B51D6A00425D92 /* ViewController+MASAdditions.m in Sources */,
				C27CE58D20B51D6A00425D92 /* MASViewConstraint.m in Sources */,
				C27CE56420B519F800425D92 /* main.m in Sources */,
				C27CE58920B51D6A00425D92 /* MASLayoutConstraint.m in Sources */,
				C27CE58C20B51D6A00425D92 /* MASConstraint.m in Sources */,
				C27CE58A20B51D6A00425D92 /* NSArray+MASAdditions.m in Sources */,
				C27CE59520B53C8500425D92 /* MomentCell.m in Sources */,
				C27CE59820B549D300425D92 /* MomentModel.m in Sources */,
				C27CE55620B519F300425D92 /* AppDelegate.m in Sources */,
				C27CE58720B51D6A00425D92 /* MASCompositeConstraint.m in Sources */,
				C27CE59220B53B9A00425D92 /* UILabel+Addition.m in Sources */,
				C27CE58B20B51D6A00425D92 /* View+MASAdditions.m in Sources */,
				C27CE58520B51D6A00425D92 /* NSLayoutConstraint+MASDebugAdditions.m in Sources */,
				C27CE58E20B51D6A00425D92 /* MASViewAttribute.m in Sources */,
			);
			runOnlyForDeploymentPostprocessing = 0;
		};
/* End PBXSourcesBuildPhase section */

/* Begin PBXVariantGroup section */
		C27CE55A20B519F300425D92 /* Main.storyboard */ = {
			isa = PBXVariantGroup;
			children = (
				C27CE55B20B519F300425D92 /* Base */,
			);
			name = Main.storyboard;
			sourceTree = "<group>";
		};
		C27CE55F20B519F800425D92 /* LaunchScreen.storyboard */ = {
			isa = PBXVariantGroup;
			children = (
				C27CE56020B519F800425D92 /* Base */,
			);
			name = LaunchScreen.storyboard;
			sourceTree = "<group>";
		};
/* End PBXVariantGroup section */

/* Begin XCBuildConfiguration section */
		C27CE56520B519F800425D92 /* Debug */ = {
			isa = XCBuildConfiguration;
			buildSettings = {
				ALWAYS_SEARCH_USER_PATHS = NO;
				CLANG_ANALYZER_NONNULL = YES;
				CLANG_ANALYZER_NUMBER_OBJECT_CONVERSION = YES_AGGRESSIVE;
				CLANG_CXX_LANGUAGE_STANDARD = "gnu++14";
				CLANG_CXX_LIBRARY = "libc++";
				CLANG_ENABLE_MODULES = YES;
				CLANG_ENABLE_OBJC_ARC = YES;
				CLANG_ENABLE_OBJC_WEAK = YES;
				CLANG_WARN_BLOCK_CAPTURE_AUTORELEASING = YES;
				CLANG_WARN_BOOL_CONVERSION = YES;
				CLANG_WARN_COMMA = YES;
				CLANG_WARN_CONSTANT_CONVERSION = YES;
				CLANG_WARN_DEPRECATED_OBJC_IMPLEMENTATIONS = YES;
				CLANG_WARN_DIRECT_OBJC_ISA_USAGE = YES_ERROR;
				CLANG_WARN_DOCUMENTATION_COMMENTS = YES;
				CLANG_WARN_EMPTY_BODY = YES;
				CLANG_WARN_ENUM_CONVERSION = YES;
				CLANG_WARN_INFINITE_RECURSION = YES;
				CLANG_WARN_INT_CONVERSION = YES;
				CLANG_WARN_NON_LITERAL_NULL_CONVERSION = YES;
				CLANG_WARN_OBJC_IMPLICIT_RETAIN_SELF = YES;
				CLANG_WARN_OBJC_LITERAL_CONVERSION = YES;
				CLANG_WARN_OBJC_ROOT_CLASS = YES_ERROR;
				CLANG_WARN_RANGE_LOOP_ANALYSIS = YES;
				CLANG_WARN_STRICT_PROTOTYPES = YES;
				CLANG_WARN_SUSPICIOUS_MOVE = YES;
				CLANG_WARN_UNGUARDED_AVAILABILITY = YES_AGGRESSIVE;
				CLANG_WARN_UNREACHABLE_CODE = YES;
				CLANG_WARN__DUPLICATE_METHOD_MATCH = YES;
				CODE_SIGN_IDENTITY = "iPhone Developer";
				COPY_PHASE_STRIP = NO;
				DEBUG_INFORMATION_FORMAT = dwarf;
				ENABLE_STRICT_OBJC_MSGSEND = YES;
				ENABLE_TESTABILITY = YES;
				GCC_C_LANGUAGE_STANDARD = gnu11;
				GCC_DYNAMIC_NO_PIC = NO;
				GCC_NO_COMMON_BLOCKS = YES;
				GCC_OPTIMIZATION_LEVEL = 0;
				GCC_PREPROCESSOR_DEFINITIONS = (
					"DEBUG=1",
					"$(inherited)",
				);
				GCC_WARN_64_TO_32_BIT_CONVERSION = YES;
				GCC_WARN_ABOUT_RETURN_TYPE = YES_ERROR;
				GCC_WARN_UNDECLARED_SELECTOR = YES;
				GCC_WARN_UNINITIALIZED_AUTOS = YES_AGGRESSIVE;
				GCC_WARN_UNUSED_FUNCTION = YES;
				GCC_WARN_UNUSED_VARIABLE = YES;
				IPHONEOS_DEPLOYMENT_TARGET = 11.3;
				MTL_ENABLE_DEBUG_INFO = YES;
				ONLY_ACTIVE_ARCH = YES;
				SDKROOT = iphoneos;
			};
			name = Debug;
		};
		C27CE56620B519F800425D92 /* Release */ = {
			isa = XCBuildConfiguration;
			buildSettings = {
				ALWAYS_SEARCH_USER_PATHS = NO;
				CLANG_ANALYZER_NONNULL = YES;
				CLANG_ANALYZER_NUMBER_OBJECT_CONVERSION = YES_AGGRESSIVE;
				CLANG_CXX_LANGUAGE_STANDARD = "gnu++14";
				CLANG_CXX_LIBRARY = "libc++";
				CLANG_ENABLE_MODULES = YES;
				CLANG_ENABLE_OBJC_ARC = YES;
				CLANG_ENABLE_OBJC_WEAK = YES;
				CLANG_WARN_BLOCK_CAPTURE_AUTORELEASING = YES;
				CLANG_WARN_BOOL_CONVERSION = YES;
				CLANG_WARN_COMMA = YES;
				CLANG_WARN_CONSTANT_CONVERSION = YES;
				CLANG_WARN_DEPRECATED_OBJC_IMPLEMENTATIONS = YES;
				CLANG_WARN_DIRECT_OBJC_ISA_USAGE = YES_ERROR;
				CLANG_WARN_DOCUMENTATION_COMMENTS = YES;
				CLANG_WARN_EMPTY_BODY = YES;
				CLANG_WARN_ENUM_CONVERSION = YES;
				CLANG_WARN_INFINITE_RECURSION = YES;
				CLANG_WARN_INT_CONVERSION = YES;
				CLANG_WARN_NON_LITERAL_NULL_CONVERSION = YES;
				CLANG_WARN_OBJC_IMPLICIT_RETAIN_SELF = YES;
				CLANG_WARN_OBJC_LITERAL_CONVERSION = YES;
				CLANG_WARN_OBJC_ROOT_CLASS = YES_ERROR;
				CLANG_WARN_RANGE_LOOP_ANALYSIS = YES;
				CLANG_WARN_STRICT_PROTOTYPES = YES;
				CLANG_WARN_SUSPICIOUS_MOVE = YES;
				CLANG_WARN_UNGUARDED_AVAILABILITY = YES_AGGRESSIVE;
				CLANG_WARN_UNREACHABLE_CODE = YES;
				CLANG_WARN__DUPLICATE_METHOD_MATCH = YES;
				CODE_SIGN_IDENTITY = "iPhone Developer";
				COPY_PHASE_STRIP = NO;
				DEBUG_INFORMATION_FORMAT = "dwarf-with-dsym";
				ENABLE_NS_ASSERTIONS = NO;
				ENABLE_STRICT_OBJC_MSGSEND = YES;
				GCC_C_LANGUAGE_STANDARD = gnu11;
				GCC_NO_COMMON_BLOCKS = YES;
				GCC_WARN_64_TO_32_BIT_CONVERSION = YES;
				GCC_WARN_ABOUT_RETURN_TYPE = YES_ERROR;
				GCC_WARN_UNDECLARED_SELECTOR = YES;
				GCC_WARN_UNINITIALIZED_AUTOS = YES_AGGRESSIVE;
				GCC_WARN_UNUSED_FUNCTION = YES;
				GCC_WARN_UNUSED_VARIABLE = YES;
				IPHONEOS_DEPLOYMENT_TARGET = 11.3;
				MTL_ENABLE_DEBUG_INFO = NO;
				SDKROOT = iphoneos;
				VALIDATE_PRODUCT = YES;
			};
			name = Release;
		};
		C27CE56820B519F800425D92 /* Debug */ = {
			isa = XCBuildConfiguration;
			buildSettings = {
				ASSETCATALOG_COMPILER_APPICON_NAME = AppIcon;
				CODE_SIGN_STYLE = Automatic;
				DEVELOPMENT_TEAM = GMXVAYY95W;
				INFOPLIST_FILE = "生活圈/Info.plist";
				IPHONEOS_DEPLOYMENT_TARGET = 10.1;
				LD_RUNPATH_SEARCH_PATHS = (
					"$(inherited)",
					"@executable_path/Frameworks",
				);
				PRODUCT_BUNDLE_IDENTIFIER = "cn.3dov.---";
				PRODUCT_NAME = "$(TARGET_NAME)";
				TARGETED_DEVICE_FAMILY = "1,2";
			};
			name = Debug;
		};
		C27CE56920B519F800425D92 /* Release */ = {
			isa = XCBuildConfiguration;
			buildSettings = {
				ASSETCATALOG_COMPILER_APPICON_NAME = AppIcon;
				CODE_SIGN_STYLE = Automatic;
				DEVELOPMENT_TEAM = GMXVAYY95W;
				INFOPLIST_FILE = "生活圈/Info.plist";
				IPHONEOS_DEPLOYMENT_TARGET = 10.1;
				LD_RUNPATH_SEARCH_PATHS = (
					"$(inherited)",
					"@executable_path/Frameworks",
				);
				PRODUCT_BUNDLE_IDENTIFIER = "cn.3dov.---";
				PRODUCT_NAME = "$(TARGET_NAME)";
				TARGETED_DEVICE_FAMILY = "1,2";
			};
			name = Release;
		};
/* End XCBuildConfiguration section */

/* Begin XCConfigurationList section */
		C27CE54C20B519F300425D92 /* Build configuration list for PBXProject "生活圈" */ = {
			isa = XCConfigurationList;
			buildConfigurations = (
				C27CE56520B519F800425D92 /* Debug */,
				C27CE56620B519F800425D92 /* Release */,
			);
			defaultConfigurationIsVisible = 0;
			defaultConfigurationName = Release;
		};
		C27CE56720B519F800425D92 /* Build configuration list for PBXNativeTarget "生活圈" */ = {
			isa = XCConfigurationList;
			buildConfigurations = (
				C27CE56820B519F800425D92 /* Debug */,
				C27CE56920B519F800425D92 /* Release */,
			);
			defaultConfigurationIsVisible = 0;
			defaultConfigurationName = Release;
		};
/* End XCConfigurationList section */
	};
	rootObject = C27CE54920B519F300425D92 /* Project object */;
}
